
Microsoft Visual Studio Solution File, Format Version 12.00
# Visual Studio Version 16
VisualStudioVersion = 16.0.30011.22
MinimumVisualStudioVersion = 10.0.40219.1
Project("{FAE04EC0-301F-11D3-BF4B-00C04F79EFBC}") = "Core2", "Core2\Core2.csproj", "{6FCCF07C-8A3F-41D1-BA80-5AD00D2A556A}"
EndProject
Project("{FAE04EC0-301F-11D3-BF4B-00C04F79EFBC}") = "Core2Tests", "Core2Tests\Core2Tests.csproj", "{CDB2B0DF-D960-4C28-8419-4902970F51A6}"
EndProject
Global
	GlobalSection(SolutionConfigurationPlatforms) = preSolution
		Debug|Any CPU = Debug|Any CPU
		Release|Any CPU = Release|Any CPU
	EndGlobalSection
	GlobalSection(ProjectConfigurationPlatforms) = postSolution
		{6FCCF07C-8A3F-41D1-BA80-5AD00D2A556A}.Debug|Any CPU.ActiveCfg = Debug|Any CPU
		{6FCCF07C-8A3F-41D1-BA80-5AD00D2A556A}.Debug|Any CPU.Build.0 = Debug|Any CPU
		{6FCCF07C-8A3F-41D1-BA80-5AD00D2A556A}.Release|Any CPU.ActiveCfg = Release|Any CPU
		{6FCCF07C-8A3F-41D1-BA80-5AD00D2A556A}.Release|Any CPU.Build.0 = Release|Any CPU
		{CDB2B0DF-D960-4C28-8419-4902970F51A6}.Debug|Any CPU.ActiveCfg = Debug|Any CPU
		{CDB2B0DF-D960-4C28-8419-4902970F51A6}.Debug|Any CPU.Build.0 = Debug|Any CPU
		{CDB2B0DF-D960-4C28-8419-4902970F51A6}.Release|Any CPU.ActiveCfg = Release|Any CPU
		{CDB2B0DF-D960-4C28-8419-4902970F51A6}.Release|Any CPU.Build.0 = Release|Any CPU
	EndGlobalSection
	GlobalSection(SolutionProperties) = preSolution
		HideSolutionNode = FALSE
	EndGlobalSection
	GlobalSection(ExtensibilityGlobals) = postSolution
		SolutionGuid = {39220A51-DA8F-44C4-91BE-706F250CE3C5}
	EndGlobalSection
EndGlobal
